
Microsoft Visual Studio Solution File, Format Version 12.00
# Visual Studio 15
VisualStudioVersion = 15.0.33919.361
MinimumVisualStudioVersion = 10.0.40219.1
Project("{E24C65DC-7377-472B-9ABA-BC803B73C61A}") = "GridView Update", "GridView Update\", "{862E1EDB-C0C7-4EB2-98B5-750238D49DB4}"
	ProjectSection(WebsiteProperties) = preProject
		TargetFrameworkMoniker = ".NETFramework,Version%3Dv4.6.1"
		Debug.AspNetCompiler.VirtualPath = "/localhost_62223"
		Debug.AspNetCompiler.PhysicalPath = "GridView Update\"
		Debug.AspNetCompiler.TargetPath = "PrecompiledWeb\localhost_62223\"
		Debug.AspNetCompiler.Updateable = "true"
		Debug.AspNetCompiler.ForceOverwrite = "true"
		Debug.AspNetCompiler.FixedNames = "false"
		Debug.AspNetCompiler.Debug = "True"
		Release.AspNetCompiler.VirtualPath = "/localhost_62223"
		Release.AspNetCompiler.PhysicalPath = "GridView Update\"
		Release.AspNetCompiler.TargetPath = "PrecompiledWeb\localhost_62223\"
		Release.AspNetCompiler.Updateable = "true"
		Release.AspNetCompiler.ForceOverwrite = "true"
		Release.AspNetCompiler.FixedNames = "false"
		Release.AspNetCompiler.Debug = "False"
		VWDPort = "62223"
		SlnRelativePath = "GridView Update\"
		DefaultWebSiteLanguage = "Visual C#"
	EndProjectSection
EndProject
Global
	GlobalSection(SolutionConfigurationPlatforms) = preSolution
		Debug|Any CPU = Debug|Any CPU
	EndGlobalSection
	GlobalSection(ProjectConfigurationPlatforms) = postSolution
		{862E1EDB-C0C7-4EB2-98B5-750238D49DB4}.Debug|Any CPU.ActiveCfg = Debug|Any CPU
		{862E1EDB-C0C7-4EB2-98B5-750238D49DB4}.Debug|Any CPU.Build.0 = Debug|Any CPU
	EndGlobalSection
	GlobalSection(SolutionProperties) = preSolution
		HideSolutionNode = FALSE
	EndGlobalSection
	GlobalSection(ExtensibilityGlobals) = postSolution
		SolutionGuid = {ECAF17EB-2946-4C2A-BC0A-E9E625115322}
	EndGlobalSection
EndGlobal
